
Microsoft Visual Studio Solution File, Format Version 12.00
# Visual Studio 15
VisualStudioVersion = 15.0.28307.779
MinimumVisualStudioVersion = 10.0.40219.1
Project("{FAE04EC0-301F-11D3-BF4B-00C04F79EFBC}") = "Charity", "Charity\Charity.csproj", "{175E7E48-ADD4-401A-8467-5A26FB0B484F}"
EndProject
Project("{FAE04EC0-301F-11D3-BF4B-00C04F79EFBC}") = "Charity.Tests", "Charity.Tests\Charity.Tests.csproj", "{9471AD24-81FA-49EB-B385-FB463B64D313}"
EndProject
Global
	GlobalSection(SolutionConfigurationPlatforms) = preSolution
		Debug|Any CPU = Debug|Any CPU
		Release|Any CPU = Release|Any CPU
	EndGlobalSection
	GlobalSection(ProjectConfigurationPlatforms) = postSolution
		{175E7E48-ADD4-401A-8467-5A26FB0B484F}.Debug|Any CPU.ActiveCfg = Debug|Any CPU
		{175E7E48-ADD4-401A-8467-5A26FB0B484F}.Debug|Any CPU.Build.0 = Debug|Any CPU
		{175E7E48-ADD4-401A-8467-5A26FB0B484F}.Release|Any CPU.ActiveCfg = Release|Any CPU
		{175E7E48-ADD4-401A-8467-5A26FB0B484F}.Release|Any CPU.Build.0 = Release|Any CPU
		{9471AD24-81FA-49EB-B385-FB463B64D313}.Debug|Any CPU.ActiveCfg = Debug|Any CPU
		{9471AD24-81FA-49EB-B385-FB463B64D313}.Debug|Any CPU.Build.0 = Debug|Any CPU
		{9471AD24-81FA-49EB-B385-FB463B64D313}.Release|Any CPU.ActiveCfg = Release|Any CPU
		{9471AD24-81FA-49EB-B385-FB463B64D313}.Release|Any CPU.Build.0 = Release|Any CPU
	EndGlobalSection
	GlobalSection(SolutionProperties) = preSolution
		HideSolutionNode = FALSE
	EndGlobalSection
	GlobalSection(ExtensibilityGlobals) = postSolution
		SolutionGuid = {49E64C46-824F-4322-BBB4-D98C0C0FD62A}
	EndGlobalSection
EndGlobal
